
Microsoft Visual Studio Solution File, Format Version 12.00
# Visual Studio Version 17
VisualStudioVersion = 17.9.34902.65
MinimumVisualStudioVersion = 10.0.40219.1
Project("{FAE04EC0-301F-11D3-BF4B-00C04F79EFBC}") = "The Calculator App", "The Calculator App\The Calculator App.csproj", "{96588CBE-26DC-4E07-9CDB-6B997B125FEE}"
EndProject
Global
	GlobalSection(SolutionConfigurationPlatforms) = preSolution
		Debug|Any CPU = Debug|Any CPU
		Release|Any CPU = Release|Any CPU
	EndGlobalSection
	GlobalSection(ProjectConfigurationPlatforms) = postSolution
		{96588CBE-26DC-4E07-9CDB-6B997B125FEE}.Debug|Any CPU.ActiveCfg = Debug|Any CPU
		{96588CBE-26DC-4E07-9CDB-6B997B125FEE}.Debug|Any CPU.Build.0 = Debug|Any CPU
		{96588CBE-26DC-4E07-9CDB-6B997B125FEE}.Release|Any CPU.ActiveCfg = Release|Any CPU
		{96588CBE-26DC-4E07-9CDB-6B997B125FEE}.Release|Any CPU.Build.0 = Release|Any CPU
	EndGlobalSection
	GlobalSection(SolutionProperties) = preSolution
		HideSolutionNode = FALSE
	EndGlobalSection
	GlobalSection(ExtensibilityGlobals) = postSolution
		SolutionGuid = {7DB37AC6-B1A4-4298-A8AE-F07802EB81DE}
	EndGlobalSection
EndGlobal
